{
  "version": 1,
  "dependencies": {
    "net10.0": {
      "Asp.Versioning.Http": {
        "type": "Direct",
        "requested": "[10.0.0, )",
        "resolved": "10.0.0",
        "contentHash": "xmNm9FM2d20NKy7i1osEQysf7pJ4iJjWnM6e8CoeIhUREqG8nugsfC82pGpmzlatjAJL5T52ieSpyW+GFdSsSQ==",
        "dependencies": {
          "Asp.Versioning.Abstractions": "10.0.0"
        }
      },
      "Asp.Versioning.Mvc.ApiExplorer": {
        "type": "Direct",
        "requested": "[10.0.0, )",
        "resolved": "10.0.0",
        "contentHash": "H54UOpRoc4RmhQ4RA2lzDz43a/hAu/JN19Yyy/DNmH4XlRxhemfhifJyh9BaXNJOtGa2Dnu2xEeP4VSiTdUdAg==",
        "dependencies": {
          "Asp.Versioning.Mvc": "10.0.0"
        }
      },
      "Microsoft.AspNetCore.OpenApi": {
        "type": "Direct",
        "requested": "[10.0.9, )",
        "resolved": "10.0.9",
        "contentHash": "1ihb8FO9cGgEK1/m3CTtT/SfnynwmiZib0W2pcDVj3KSWk/Sca4VOXEtaptKQc582zpFrzTFiwkGRCglt6H+WQ==",
        "dependencies": {
          "Microsoft.OpenApi": "2.0.0"
        }
      },
      "Microsoft.OpenApi": {
        "type": "Direct",
        "requested": "[3.9.0, )",
        "resolved": "3.9.0",
        "contentHash": "2sDK6AFY1L/Xg8JvwlaDoPwzGqCftjUgHG2NhCy8gNV/1v4eXziYoH39e/pwC7oTBJInuYUUJqfkRpIMPQ/Fyw=="
      },
      "Swashbuckle.AspNetCore.SwaggerUI": {
        "type": "Direct",
        "requested": "[10.2.3, )",
        "resolved": "10.2.3",
        "contentHash": "nthWONRs/FJ4yyG206g1cC52WEG8EqrjuMWjGdR+5XG7lbjFto6NqcI9EMICgVFom/UivIjUVwI76ZHbHwTPfQ=="
      },
      "Asp.Versioning.Abstractions": {
        "type": "Transitive",
        "resolved": "10.0.0",
        "contentHash": "cMRE5nvNMfBgfkb0XFWst/7UtyXCjoAXnV0L4Scx4P9fcf0idgrj1Z0c+3ylsy01K4cOib7dKhCBfpg5z3r0Kg=="
      },
      "Asp.Versioning.Mvc": {
        "type": "Transitive",
        "resolved": "10.0.0",
        "contentHash": "W0wZ+0uZ0UK4KstjvEkNBZ0xxhBmxunwNg8582SVyyW7txQmSXibtm8fC4o82LaemPquYskms67bIbJOSrnlug==",
        "dependencies": {
          "Asp.Versioning.Http": "10.0.0"
        }
      }
    }
  }
}